// !$*UTF8*$!
{
	archiveVersion = 1;
	classes = {
	};
	objectVersion = 56;
	objects = {

/* Begin PBXBuildFile section */
		84AA5A472ED79DED002D98ED /* AuthViewModel.swift in Sources */ = {isa = PBXBuildFile; fileRef = 84AA5A462ED79DED002D98ED /* AuthViewModel.swift */; };
		9B165F3A2CBB3FF400BC8DB2 /* CommunityView.swift in Sources */ = {isa = PBXBuildFile; fileRef = 9B165F392CBB3FF300BC8DB2 /* CommunityView.swift */; };
		9B165F3C2CBB40B200BC8DB2 /* MapView.swift in Sources */ = {isa = PBXBuildFile; fileRef = 9B165F3B2CBB40B200BC8DB2 /* MapView.swift */; };
		9BC1BC222CBAE7E200F1DD8E /* AppDelegate.swift in Sources */ = {isa = PBXBuildFile; fileRef = 9BC1BC212CBAE7E200F1DD8E /* AppDelegate.swift */; };
		9BC1BC2B2CBAE7E300F1DD8E /* Assets.xcassets in Resources */ = {isa = PBXBuildFile; fileRef = 9BC1BC2A2CBAE7E300F1DD8E /* Assets.xcassets */; };
		9C9009DF2E4D4FB8005A1D14 /* SearchCompleterDelegate.swift in Sources */ = {isa = PBXBuildFile; fileRef = 9C9009DE2E4D4FB8005A1D14 /* SearchCompleterDelegate.swift */; };
		9C90A8E12E593D860063C4BC /* MainTabView.swift in Sources */ = {isa = PBXBuildFile; fileRef = 9C90A8E02E593D820063C4BC /* MainTabView.swift */; };
		9C90A8E32E596F790063C4BC /* LostPetsView.swift in Sources */ = {isa = PBXBuildFile; fileRef = 9C90A8E22E596F6E0063C4BC /* LostPetsView.swift */; };
		9C90A8E52E596FC90063C4BC /* LostPetMapView.swift in Sources */ = {isa = PBXBuildFile; fileRef = 9C90A8E42E596FB90063C4BC /* LostPetMapView.swift */; };
		9C90A8E72E597E9A0063C4BC /* LostPetDetailView.swift in Sources */ = {isa = PBXBuildFile; fileRef = 9C90A8E62E597E920063C4BC /* LostPetDetailView.swift */; };
		9C90A8E92E597F650063C4BC /* LostPet.swift in Sources */ = {isa = PBXBuildFile; fileRef = 9C90A8E82E597F5F0063C4BC /* LostPet.swift */; };
		9CD26B992E4C018A0004CB4D /* LostPetReportView.swift in Sources */ = {isa = PBXBuildFile; fileRef = 9CD26B982E4C01880004CB4D /* LostPetReportView.swift */; };
		9CD26B9B2E4C01C20004CB4D /* LocationManager.swift in Sources */ = {isa = PBXBuildFile; fileRef = 9CD26B9A2E4C01BC0004CB4D /* LocationManager.swift */; };
		A221029F2E1E1A6200103E28 /* GoogleSignIn in Frameworks */ = {isa = PBXBuildFile; productRef = A221029E2E1E1A6200103E28 /* GoogleSignIn */; };
		A22102A12E1E1A6200103E28 /* GoogleSignInSwift in Frameworks */ = {isa = PBXBuildFile; productRef = A22102A02E1E1A6200103E28 /* GoogleSignInSwift */; };
		A22102A32E1E1AC400103E28 /* FirebaseStorage in Frameworks */ = {isa = PBXBuildFile; productRef = A22102A22E1E1AC400103E28 /* FirebaseStorage */; };
		A22102A52E271A9C00103E28 /* LoginView.swift in Sources */ = {isa = PBXBuildFile; fileRef = A22102A42E271A9300103E28 /* LoginView.swift */; };
		A22102A72E271B4C00103E28 /* EnterProfileView.swift in Sources */ = {isa = PBXBuildFile; fileRef = A22102A62E271B3E00103E28 /* EnterProfileView.swift */; };
		A22102A92E271B9400103E28 /* MainAppView.swift in Sources */ = {isa = PBXBuildFile; fileRef = A22102A82E271B8E00103E28 /* MainAppView.swift */; };
		A22102AC2E2AF76500103E28 /* ProfileView.swift in Sources */ = {isa = PBXBuildFile; fileRef = A22102AB2E2AF75D00103E28 /* ProfileView.swift */; };
		A22102B02E2AF8C600103E28 /* WelcomeView.swift in Sources */ = {isa = PBXBuildFile; fileRef = A22102AF2E2AF8B900103E28 /* WelcomeView.swift */; };
		A22102B22E2AFA5200103E28 /* RegisterView.swift in Sources */ = {isa = PBXBuildFile; fileRef = A22102B12E2AFA4E00103E28 /* RegisterView.swift */; };
		A22102B42E2AFEF300103E28 /* PawPalApp.swift in Sources */ = {isa = PBXBuildFile; fileRef = A22102B32E2AFEEA00103E28 /* PawPalApp.swift */; };
		A22102BF2E2B0D8800103E28 /* CommunityPostRow.swift in Sources */ = {isa = PBXBuildFile; fileRef = A22102B82E2B01CF00103E28 /* CommunityPostRow.swift */; };
		A22102C02E2B0DF100103E28 /* CommunityPost.swift in Sources */ = {isa = PBXBuildFile; fileRef = A22102B72E2B01B500103E28 /* CommunityPost.swift */; };
		A22102C12E2B0E3400103E28 /* FlowLayout.swift in Sources */ = {isa = PBXBuildFile; fileRef = A22102AE2E2AF86000103E28 /* FlowLayout.swift */; };
		A22102C32E2B111D00103E28 /* ImagePicker.swift in Sources */ = {isa = PBXBuildFile; fileRef = A22102C22E2B111800103E28 /* ImagePicker.swift */; };
		A27B1BC52E4ACC2500D67D57 /* GoogleService-Info.plist in Resources */ = {isa = PBXBuildFile; fileRef = A27B1BC42E4ACC2500D67D57 /* GoogleService-Info.plist */; };
		A27BC4E52E1E158500A03862 /* FirebaseAuth in Frameworks */ = {isa = PBXBuildFile; productRef = A27BC4E42E1E158500A03862 /* FirebaseAuth */; };
		A27BC4E72E1E158500A03862 /* FirebaseCore in Frameworks */ = {isa = PBXBuildFile; productRef = A27BC4E62E1E158500A03862 /* FirebaseCore */; };
		A27BC4E92E1E158500A03862 /* FirebaseFirestore in Frameworks */ = {isa = PBXBuildFile; productRef = A27BC4E82E1E158500A03862 /* FirebaseFirestore */; };
		A29478C52ED4405E00B94BE7 /* PawPalLogo.swift in Sources */ = {isa = PBXBuildFile; fileRef = A29478C42ED4405E00B94BE7 /* PawPalLogo.swift */; };
		A29478C62ED4405E00B94BE7 /* LoadingView.swift in Sources */ = {isa = PBXBuildFile; fileRef = A29478C32ED4405E00B94BE7 /* LoadingView.swift */; };
		AD66E5702D35B5DC00995985 /* AuthService.swift in Sources */ = {isa = PBXBuildFile; fileRef = AD66E56F2D35B5D500995985 /* AuthService.swift */; };
/* End PBXBuildFile section */

/* Begin PBXFileReference section */
		84AA5A462ED79DED002D98ED /* AuthViewModel.swift */ = {isa = PBXFileReference; lastKnownFileType = sourcecode.swift; path = AuthViewModel.swift; sourceTree = "<group>"; };
		9B165F392CBB3FF300BC8DB2 /* CommunityView.swift */ = {isa = PBXFileReference; lastKnownFileType = sourcecode.swift; path = CommunityView.swift; sourceTree = "<group>"; };
		9B165F3B2CBB40B200BC8DB2 /* MapView.swift */ = {isa = PBXFileReference; lastKnownFileType = sourcecode.swift; path = MapView.swift; sourceTree = "<group>"; };
		9BC1BC212CBAE7E200F1DD8E /* AppDelegate.swift */ = {isa = PBXFileReference; lastKnownFileType = sourcecode.swift; path = AppDelegate.swift; sourceTree = "<group>"; };
		9BC1BC2A2CBAE7E300F1DD8E /* Assets.xcassets */ = {isa = PBXFileReference; lastKnownFileType = folder.assetcatalog; path = Assets.xcassets; sourceTree = "<group>"; };
		9BC1BC2F2CBAE7E300F1DD8E /* Info.plist */ = {isa = PBXFileReference; lastKnownFileType = text.plist.xml; path = Info.plist; sourceTree = "<group>"; };
		9C9009DE2E4D4FB8005A1D14 /* SearchCompleterDelegate.swift */ = {isa = PBXFileReference; lastKnownFileType = sourcecode.swift; path = SearchCompleterDelegate.swift; sourceTree = "<group>"; };
		9C90A8E02E593D820063C4BC /* MainTabView.swift */ = {isa = PBXFileReference; lastKnownFileType = sourcecode.swift; path = MainTabView.swift; sourceTree = "<group>"; };
		9C90A8E22E596F6E0063C4BC /* LostPetsView.swift */ = {isa = PBXFileReference; lastKnownFileType = sourcecode.swift; path = LostPetsView.swift; sourceTree = "<group>"; };
		9C90A8E42E596FB90063C4BC /* LostPetMapView.swift */ = {isa = PBXFileReference; lastKnownFileType = sourcecode.swift; path = LostPetMapView.swift; sourceTree = "<group>"; };
		9C90A8E62E597E920063C4BC /* LostPetDetailView.swift */ = {isa = PBXFileReference; lastKnownFileType = sourcecode.swift; path = LostPetDetailView.swift; sourceTree = "<group>"; };
		9C90A8E82E597F5F0063C4BC /* LostPet.swift */ = {isa = PBXFileReference; lastKnownFileType = sourcecode.swift; path = LostPet.swift; sourceTree = "<group>"; };
		9CD26B982E4C01880004CB4D /* LostPetReportView.swift */ = {isa = PBXFileReference; lastKnownFileType = sourcecode.swift; path = LostPetReportView.swift; sourceTree = "<group>"; };
		9CD26B9A2E4C01BC0004CB4D /* LocationManager.swift */ = {isa = PBXFileReference; lastKnownFileType = sourcecode.swift; path = LocationManager.swift; sourceTree = "<group>"; };
		A22102A42E271A9300103E28 /* LoginView.swift */ = {isa = PBXFileReference; lastKnownFileType = sourcecode.swift; path = LoginView.swift; sourceTree = "<group>"; };
		A22102A62E271B3E00103E28 /* EnterProfileView.swift */ = {isa = PBXFileReference; lastKnownFileType = sourcecode.swift; path = EnterProfileView.swift; sourceTree = "<group>"; };
		A22102A82E271B8E00103E28 /* MainAppView.swift */ = {isa = PBXFileReference; lastKnownFileType = sourcecode.swift; path = MainAppView.swift; sourceTree = "<group>"; };
		A22102AB2E2AF75D00103E28 /* ProfileView.swift */ = {isa = PBXFileReference; lastKnownFileType = sourcecode.swift; path = ProfileView.swift; sourceTree = "<group>"; };
		A22102AE2E2AF86000103E28 /* FlowLayout.swift */ = {isa = PBXFileReference; lastKnownFileType = sourcecode.swift; path = FlowLayout.swift; sourceTree = "<group>"; };
		A22102AF2E2AF8B900103E28 /* WelcomeView.swift */ = {isa = PBXFileReference; lastKnownFileType = sourcecode.swift; path = WelcomeView.swift; sourceTree = "<group>"; };
		A22102B12E2AFA4E00103E28 /* RegisterView.swift */ = {isa = PBXFileReference; lastKnownFileType = sourcecode.swift; path = RegisterView.swift; sourceTree = "<group>"; };
		A22102B32E2AFEEA00103E28 /* PawPalApp.swift */ = {isa = PBXFileReference; lastKnownFileType = sourcecode.swift; path = PawPalApp.swift; sourceTree = "<group>"; };
		A22102B72E2B01B500103E28 /* CommunityPost.swift */ = {isa = PBXFileReference; lastKnownFileType = sourcecode.swift; path = CommunityPost.swift; sourceTree = "<group>"; };
		A22102B82E2B01CF00103E28 /* CommunityPostRow.swift */ = {isa = PBXFileReference; lastKnownFileType = sourcecode.swift; path = CommunityPostRow.swift; sourceTree = "<group>"; };
		A22102C22E2B111800103E28 /* ImagePicker.swift */ = {isa = PBXFileReference; lastKnownFileType = sourcecode.swift; path = ImagePicker.swift; sourceTree = "<group>"; };
		A22102C42E2B121800103E28 /* PawPal.app */ = {isa = PBXFileReference; explicitFileType = wrapper.application; includeInIndex = 0; path = PawPal.app; sourceTree = BUILT_PRODUCTS_DIR; };
		A27B1BC42E4ACC2500D67D57 /* GoogleService-Info.plist */ = {isa = PBXFileReference; lastKnownFileType = text.plist.xml; path = "GoogleService-Info.plist"; sourceTree = "<group>"; };
		A29478C32ED4405E00B94BE7 /* LoadingView.swift */ = {isa = PBXFileReference; lastKnownFileType = sourcecode.swift; path = LoadingView.swift; sourceTree = "<group>"; };
		A29478C42ED4405E00B94BE7 /* PawPalLogo.swift */ = {isa = PBXFileReference; lastKnownFileType = sourcecode.swift; path = PawPalLogo.swift; sourceTree = "<group>"; };
		AD66E56F2D35B5D500995985 /* AuthService.swift */ = {isa = PBXFileReference; lastKnownFileType = sourcecode.swift; path = AuthService.swift; sourceTree = "<group>"; };
/* End PBXFileReference section */

/* Begin PBXFrameworksBuildPhase section */
		9BC1BC1B2CBAE7E200F1DD8E /* Frameworks */ = {
			isa = PBXFrameworksBuildPhase;
			buildActionMask = 2147483647;
			files = (
				A22102A12E1E1A6200103E28 /* GoogleSignInSwift in Frameworks */,
				A27BC4E92E1E158500A03862 /* FirebaseFirestore in Frameworks */,
				A221029F2E1E1A6200103E28 /* GoogleSignIn in Frameworks */,
				A27BC4E72E1E158500A03862 /* FirebaseCore in Frameworks */,
				A27BC4E52E1E158500A03862 /* FirebaseAuth in Frameworks */,
				A22102A32E1E1AC400103E28 /* FirebaseStorage in Frameworks */,
			);
			runOnlyForDeploymentPostprocessing = 0;
		};
/* End PBXFrameworksBuildPhase section */

/* Begin PBXGroup section */
		9B9720942CFD096400AED15E /* Community */ = {
			isa = PBXGroup;
			children = (
				9C90A8E82E597F5F0063C4BC /* LostPet.swift */,
				9C90A8E62E597E920063C4BC /* LostPetDetailView.swift */,
				9C90A8E42E596FB90063C4BC /* LostPetMapView.swift */,
				9C90A8E22E596F6E0063C4BC /* LostPetsView.swift */,
				9C9009DE2E4D4FB8005A1D14 /* SearchCompleterDelegate.swift */,
				9CD26B9A2E4C01BC0004CB4D /* LocationManager.swift */,
				9CD26B982E4C01880004CB4D /* LostPetReportView.swift */,
				9B165F392CBB3FF300BC8DB2 /* CommunityView.swift */,
				A22102B72E2B01B500103E28 /* CommunityPost.swift */,
				A22102B82E2B01CF00103E28 /* CommunityPostRow.swift */,
			);
			path = Community;
			sourceTree = "<group>";
		};
		9B9720962CFD098200AED15E /* Home */ = {
			isa = PBXGroup;
			children = (
				A22102AF2E2AF8B900103E28 /* WelcomeView.swift */,
			);
			path = Home;
			sourceTree = "<group>";
		};
		9B9720972CFD09AC00AED15E /* Profile */ = {
			isa = PBXGroup;
			children = (
				A22102AB2E2AF75D00103E28 /* ProfileView.swift */,
				A22102A62E271B3E00103E28 /* EnterProfileView.swift */,
			);
			path = Profile;
			sourceTree = "<group>";
		};
		9B9720982CFD09B200AED15E /* Map */ = {
			isa = PBXGroup;
			children = (
				9B165F3B2CBB40B200BC8DB2 /* MapView.swift */,
			);
			path = Map;
			sourceTree = "<group>";
		};
		9BC1BC152CBAE7E200F1DD8E = {
			isa = PBXGroup;
			children = (
				9BC1BC202CBAE7E200F1DD8E /* PawPal */,
				A22102C42E2B121800103E28 /* PawPal.app */,
			);
			sourceTree = "<group>";
		};
		9BC1BC202CBAE7E200F1DD8E /* PawPal */ = {
			isa = PBXGroup;
			children = (
				A22102B32E2AFEEA00103E28 /* PawPalApp.swift */,
				9BC1BC212CBAE7E200F1DD8E /* AppDelegate.swift */,
				A22102BA2E2B053300103E28 /* Services */,
				9BC1BC362CBAE8C600F1DD8E /* Views */,
				A22102BB2E2B057A00103E28 /* Resources */,
			);
			path = PawPal;
			sourceTree = "<group>";
		};
		9BC1BC362CBAE8C600F1DD8E /* Views */ = {
			isa = PBXGroup;
			children = (
				A22102BE2E2B06E900103E28 /* Main */,
				A22102BC2E2B061500103E28 /* Shared */,
				9B9720942CFD096400AED15E /* Community */,
				9B9720962CFD098200AED15E /* Home */,
				9B9720972CFD09AC00AED15E /* Profile */,
				9B9720982CFD09B200AED15E /* Map */,
			);
			path = Views;
			sourceTree = "<group>";
		};
		A22102BA2E2B053300103E28 /* Services */ = {
			isa = PBXGroup;
			children = (
				AD66E56F2D35B5D500995985 /* AuthService.swift */,
			);
			path = Services;
			sourceTree = "<group>";
		};
		A22102BB2E2B057A00103E28 /* Resources */ = {
			isa = PBXGroup;
			children = (
				9BC1BC2F2CBAE7E300F1DD8E /* Info.plist */,
				9BC1BC2A2CBAE7E300F1DD8E /* Assets.xcassets */,
				A27B1BC42E4ACC2500D67D57 /* GoogleService-Info.plist */,
			);
			path = Resources;
			sourceTree = "<group>";
		};
		A22102BC2E2B061500103E28 /* Shared */ = {
			isa = PBXGroup;
			children = (
				A29478C32ED4405E00B94BE7 /* LoadingView.swift */,
				A29478C42ED4405E00B94BE7 /* PawPalLogo.swift */,
				A22102C22E2B111800103E28 /* ImagePicker.swift */,
				A22102AE2E2AF86000103E28 /* FlowLayout.swift */,
			);
			path = Shared;
			sourceTree = "<group>";
		};
		A22102BE2E2B06E900103E28 /* Main */ = {
			isa = PBXGroup;
			children = (
				84AA5A462ED79DED002D98ED /* AuthViewModel.swift */,
				9C90A8E02E593D820063C4BC /* MainTabView.swift */,
				A22102A82E271B8E00103E28 /* MainAppView.swift */,
				A22102B12E2AFA4E00103E28 /* RegisterView.swift */,
				A22102A42E271A9300103E28 /* LoginView.swift */,
			);
			path = Main;
			sourceTree = "<group>";
		};
/* End PBXGroup section */

/* Begin PBXNativeTarget section */
		9BC1BC1D2CBAE7E200F1DD8E /* PawPal */ = {
			isa = PBXNativeTarget;
			buildConfigurationList = 9BC1BC322CBAE7E300F1DD8E /* Build configuration list for PBXNativeTarget "PawPal" */;
			buildPhases = (
				9BC1BC1A2CBAE7E200F1DD8E /* Sources */,
				9BC1BC1B2CBAE7E200F1DD8E /* Frameworks */,
				9BC1BC1C2CBAE7E200F1DD8E /* Resources */,
			);
			buildRules = (
			);
			dependencies = (
			);
			name = PawPal;
			productName = PawPal;
			productReference = A22102C42E2B121800103E28 /* PawPal.app */;
			productType = "com.apple.product-type.application";
		};
/* End PBXNativeTarget section */

/* Begin PBXProject section */
		9BC1BC162CBAE7E200F1DD8E /* Project object */ = {
			isa = PBXProject;
			attributes = {
				BuildIndependentTargetsInParallel = 1;
				LastSwiftUpdateCheck = 1540;
				LastUpgradeCheck = 1540;
				TargetAttributes = {
					9BC1BC1D2CBAE7E200F1DD8E = {
						CreatedOnToolsVersion = 15.4;
					};
				};
			};
			buildConfigurationList = 9BC1BC192CBAE7E200F1DD8E /* Build configuration list for PBXProject "PawPal" */;
			compatibilityVersion = "Xcode 14.0";
			developmentRegion = en;
			hasScannedForEncodings = 0;
			knownRegions = (
				en,
				Base,
			);
			mainGroup = 9BC1BC152CBAE7E200F1DD8E;
			packageReferences = (
				060CFF1C2CD7997300D7F3A6 /* XCRemoteSwiftPackageReference "firebase-ios-sdk" */,
				A221029D2E1E1A6200103E28 /* XCRemoteSwiftPackageReference "GoogleSignIn-iOS" */,
			);
			productRefGroup = 9BC1BC152CBAE7E200F1DD8E;
			projectDirPath = "";
			projectRoot = "";
			targets = (
				9BC1BC1D2CBAE7E200F1DD8E /* PawPal */,
			);
		};
/* End PBXProject section */

/* Begin PBXResourcesBuildPhase section */
		9BC1BC1C2CBAE7E200F1DD8E /* Resources */ = {
			isa = PBXResourcesBuildPhase;
			buildActionMask = 2147483647;
			files = (
				9BC1BC2B2CBAE7E300F1DD8E /* Assets.xcassets in Resources */,
				A27B1BC52E4ACC2500D67D57 /* GoogleService-Info.plist in Resources */,
			);
			runOnlyForDeploymentPostprocessing = 0;
		};
/* End PBXResourcesBuildPhase section */

/* Begin PBXSourcesBuildPhase section */
		9BC1BC1A2CBAE7E200F1DD8E /* Sources */ = {
			isa = PBXSourcesBuildPhase;
			buildActionMask = 2147483647;
			files = (
				A22102BF2E2B0D8800103E28 /* CommunityPostRow.swift in Sources */,
				9CD26B9B2E4C01C20004CB4D /* LocationManager.swift in Sources */,
				9BC1BC222CBAE7E200F1DD8E /* AppDelegate.swift in Sources */,
				9C90A8E72E597E9A0063C4BC /* LostPetDetailView.swift in Sources */,
				A22102B22E2AFA5200103E28 /* RegisterView.swift in Sources */,
				9B165F3C2CBB40B200BC8DB2 /* MapView.swift in Sources */,
				A29478C52ED4405E00B94BE7 /* PawPalLogo.swift in Sources */,
				A29478C62ED4405E00B94BE7 /* LoadingView.swift in Sources */,
				9C90A8E12E593D860063C4BC /* MainTabView.swift in Sources */,
				9CD26B992E4C018A0004CB4D /* LostPetReportView.swift in Sources */,
				AD66E5702D35B5DC00995985 /* AuthService.swift in Sources */,
				A22102C12E2B0E3400103E28 /* FlowLayout.swift in Sources */,
				A22102A72E271B4C00103E28 /* EnterProfileView.swift in Sources */,
				A22102B02E2AF8C600103E28 /* WelcomeView.swift in Sources */,
				A22102A92E271B9400103E28 /* MainAppView.swift in Sources */,
				9C90A8E92E597F650063C4BC /* LostPet.swift in Sources */,
				9B165F3A2CBB3FF400BC8DB2 /* CommunityView.swift in Sources */,
				A22102C02E2B0DF100103E28 /* CommunityPost.swift in Sources */,
				9C90A8E52E596FC90063C4BC /* LostPetMapView.swift in Sources */,
				9C90A8E32E596F790063C4BC /* LostPetsView.swift in Sources */,
				A22102A52E271A9C00103E28 /* LoginView.swift in Sources */,
				9C9009DF2E4D4FB8005A1D14 /* SearchCompleterDelegate.swift in Sources */,
				A22102C32E2B111D00103E28 /* ImagePicker.swift in Sources */,
				A22102AC2E2AF76500103E28 /* ProfileView.swift in Sources */,
				84AA5A472ED79DED002D98ED /* AuthViewModel.swift in Sources */,
				A22102B42E2AFEF300103E28 /* PawPalApp.swift in Sources */,
			);
			runOnlyForDeploymentPostprocessing = 0;
		};
/* End PBXSourcesBuildPhase section */

/* Begin XCBuildConfiguration section */
		9BC1BC302CBAE7E300F1DD8E /* Debug */ = {
			isa = XCBuildConfiguration;
			buildSettings = {
				ALWAYS_SEARCH_USER_PATHS = NO;
				ASSETCATALOG_COMPILER_GENERATE_SWIFT_ASSET_SYMBOL_EXTENSIONS = YES;
				CLANG_ANALYZER_NONNULL = YES;
				CLANG_ANALYZER_NUMBER_OBJECT_CONVERSION = YES_AGGRESSIVE;
				CLANG_CXX_LANGUAGE_STANDARD = "gnu++20";
				CLANG_ENABLE_MODULES = YES;
				CLANG_ENABLE_OBJC_ARC = YES;
				CLANG_ENABLE_OBJC_WEAK = YES;
				CLANG_WARN_BLOCK_CAPTURE_AUTORELEASING = YES;
				CLANG_WARN_BOOL_CONVERSION = YES;
				CLANG_WARN_COMMA = YES;
				CLANG_WARN_CONSTANT_CONVERSION = YES;
				CLANG_WARN_DEPRECATED_OBJC_IMPLEMENTATIONS = YES;
				CLANG_WARN_DIRECT_OBJC_ISA_USAGE = YES_ERROR;
				CLANG_WARN_DOCUMENTATION_COMMENTS = YES;
				CLANG_WARN_EMPTY_BODY = YES;
				CLANG_WARN_ENUM_CONVERSION = YES;
				CLANG_WARN_INFINITE_RECURSION = YES;
				CLANG_WARN_INT_CONVERSION = YES;
				CLANG_WARN_NON_LITERAL_NULL_CONVERSION = YES;
				CLANG_WARN_OBJC_IMPLICIT_RETAIN_SELF = YES;
				CLANG_WARN_OBJC_LITERAL_CONVERSION = YES;
				CLANG_WARN_OBJC_ROOT_CLASS = YES_ERROR;
				CLANG_WARN_QUOTED_INCLUDE_IN_FRAMEWORK_HEADER = YES;
				CLANG_WARN_RANGE_LOOP_ANALYSIS = YES;
				CLANG_WARN_STRICT_PROTOTYPES = YES;
				CLANG_WARN_SUSPICIOUS_MOVE = YES;
				CLANG_WARN_UNGUARDED_AVAILABILITY = YES_AGGRESSIVE;
				CLANG_WARN_UNREACHABLE_CODE = YES;
				CLANG_WARN__DUPLICATE_METHOD_MATCH = YES;
				COPY_PHASE_STRIP = NO;
				DEBUG_INFORMATION_FORMAT = dwarf;
				ENABLE_STRICT_OBJC_MSGSEND = YES;
				ENABLE_TESTABILITY = YES;
				ENABLE_USER_SCRIPT_SANDBOXING = YES;
				GCC_C_LANGUAGE_STANDARD = gnu17;
				GCC_DYNAMIC_NO_PIC = NO;
				GCC_NO_COMMON_BLOCKS = YES;
				GCC_OPTIMIZATION_LEVEL = 0;
				GCC_PREPROCESSOR_DEFINITIONS = (
					"DEBUG=1",
					"$(inherited)",
				);
				GCC_WARN_64_TO_32_BIT_CONVERSION = YES;
				GCC_WARN_ABOUT_RETURN_TYPE = YES_ERROR;
				GCC_WARN_UNDECLARED_SELECTOR = YES;
				GCC_WARN_UNINITIALIZED_AUTOS = YES_AGGRESSIVE;
				GCC_WARN_UNUSED_FUNCTION = YES;
				GCC_WARN_UNUSED_VARIABLE = YES;
				IPHONEOS_DEPLOYMENT_TARGET = 17.5;
				LOCALIZATION_PREFERS_STRING_CATALOGS = YES;
				MTL_ENABLE_DEBUG_INFO = INCLUDE_SOURCE;
				MTL_FAST_MATH = YES;
				ONLY_ACTIVE_ARCH = YES;
				SDKROOT = iphoneos;
				SWIFT_ACTIVE_COMPILATION_CONDITIONS = "DEBUG $(inherited)";
				SWIFT_OPTIMIZATION_LEVEL = "-Onone";
			};
			name = Debug;
		};
		9BC1BC312CBAE7E300F1DD8E /* Release */ = {
			isa = XCBuildConfiguration;
			buildSettings = {
				ALWAYS_SEARCH_USER_PATHS = NO;
				ASSETCATALOG_COMPILER_GENERATE_SWIFT_ASSET_SYMBOL_EXTENSIONS = YES;
				CLANG_ANALYZER_NONNULL = YES;
				CLANG_ANALYZER_NUMBER_OBJECT_CONVERSION = YES_AGGRESSIVE;
				CLANG_CXX_LANGUAGE_STANDARD = "gnu++20";
				CLANG_ENABLE_MODULES = YES;
				CLANG_ENABLE_OBJC_ARC = YES;
				CLANG_ENABLE_OBJC_WEAK = YES;
				CLANG_WARN_BLOCK_CAPTURE_AUTORELEASING = YES;
				CLANG_WARN_BOOL_CONVERSION = YES;
				CLANG_WARN_COMMA = YES;
				CLANG_WARN_CONSTANT_CONVERSION = YES;
				CLANG_WARN_DEPRECATED_OBJC_IMPLEMENTATIONS = YES;
				CLANG_WARN_DIRECT_OBJC_ISA_USAGE = YES_ERROR;
				CLANG_WARN_DOCUMENTATION_COMMENTS = YES;
				CLANG_WARN_EMPTY_BODY = YES;
				CLANG_WARN_ENUM_CONVERSION = YES;
				CLANG_WARN_INFINITE_RECURSION = YES;
				CLANG_WARN_INT_CONVERSION = YES;
				CLANG_WARN_NON_LITERAL_NULL_CONVERSION = YES;
				CLANG_WARN_OBJC_IMPLICIT_RETAIN_SELF = YES;
				CLANG_WARN_OBJC_LITERAL_CONVERSION = YES;
				CLANG_WARN_OBJC_ROOT_CLASS = YES_ERROR;
				CLANG_WARN_QUOTED_INCLUDE_IN_FRAMEWORK_HEADER = YES;
				CLANG_WARN_RANGE_LOOP_ANALYSIS = YES;
				CLANG_WARN_STRICT_PROTOTYPES = YES;
				CLANG_WARN_SUSPICIOUS_MOVE = YES;
				CLANG_WARN_UNGUARDED_AVAILABILITY = YES_AGGRESSIVE;
				CLANG_WARN_UNREACHABLE_CODE = YES;
				CLANG_WARN__DUPLICATE_METHOD_MATCH = YES;
				COPY_PHASE_STRIP = NO;
				DEBUG_INFORMATION_FORMAT = "dwarf-with-dsym";
				ENABLE_NS_ASSERTIONS = NO;
				ENABLE_STRICT_OBJC_MSGSEND = YES;
				ENABLE_USER_SCRIPT_SANDBOXING = YES;
				GCC_C_LANGUAGE_STANDARD = gnu17;
				GCC_NO_COMMON_BLOCKS = YES;
				GCC_WARN_64_TO_32_BIT_CONVERSION = YES;
				GCC_WARN_ABOUT_RETURN_TYPE = YES_ERROR;
				GCC_WARN_UNDECLARED_SELECTOR = YES;
				GCC_WARN_UNINITIALIZED_AUTOS = YES_AGGRESSIVE;
				GCC_WARN_UNUSED_FUNCTION = YES;
				GCC_WARN_UNUSED_VARIABLE = YES;
				IPHONEOS_DEPLOYMENT_TARGET = 17.5;
				LOCALIZATION_PREFERS_STRING_CATALOGS = YES;
				MTL_ENABLE_DEBUG_INFO = NO;
				MTL_FAST_MATH = YES;
				SDKROOT = iphoneos;
				SWIFT_COMPILATION_MODE = wholemodule;
				VALIDATE_PRODUCT = YES;
			};
			name = Release;
		};
		9BC1BC332CBAE7E300F1DD8E /* Debug */ = {
			isa = XCBuildConfiguration;
			buildSettings = {
				ASSETCATALOG_COMPILER_APPICON_NAME = AppIcon;
				ASSETCATALOG_COMPILER_GLOBAL_ACCENT_COLOR_NAME = AccentColor;
				CODE_SIGN_STYLE = Automatic;
				CURRENT_PROJECT_VERSION = 1;
				DEVELOPMENT_TEAM = X93W42LNZZ;
				ENABLE_USER_SCRIPT_SANDBOXING = NO;
				GENERATE_INFOPLIST_FILE = NO;
				INFOPLIST_FILE = PawPal/Resources/Info.plist;
				INFOPLIST_KEY_NSLocationWhenInUseUsageDescription = "This app needs your location to report lost pets accurately.";
				INFOPLIST_KEY_UIApplicationSupportsIndirectInputEvents = YES;
				INFOPLIST_KEY_UISupportedInterfaceOrientations_iPad = "UIInterfaceOrientationPortrait UIInterfaceOrientationPortraitUpsideDown UIInterfaceOrientationLandscapeLeft UIInterfaceOrientationLandscapeRight";
				INFOPLIST_KEY_UISupportedInterfaceOrientations_iPhone = "UIInterfaceOrientationPortrait UIInterfaceOrientationLandscapeLeft UIInterfaceOrientationLandscapeRight";
				LD_RUNPATH_SEARCH_PATHS = (
					"$(inherited)",
					"@executable_path/Frameworks",
				);
				MARKETING_VERSION = 1.0;
				PRODUCT_BUNDLE_IDENTIFIER = "org.thelifeofkai.hieu-hoang.PawPal";
				PRODUCT_NAME = "$(TARGET_NAME)";
				SWIFT_EMIT_LOC_STRINGS = YES;
				SWIFT_VERSION = 5.0;
				TARGETED_DEVICE_FAMILY = "1,2";
			};
			name = Debug;
		};
		9BC1BC342CBAE7E300F1DD8E /* Release */ = {
			isa = XCBuildConfiguration;
			buildSettings = {
				ASSETCATALOG_COMPILER_APPICON_NAME = AppIcon;
				ASSETCATALOG_COMPILER_GLOBAL_ACCENT_COLOR_NAME = AccentColor;
				CODE_SIGN_STYLE = Automatic;
				CURRENT_PROJECT_VERSION = 1;
				DEVELOPMENT_TEAM = X93W42LNZZ;
				ENABLE_USER_SCRIPT_SANDBOXING = NO;
				GENERATE_INFOPLIST_FILE = NO;
				INFOPLIST_FILE = PawPal/Resources/Info.plist;
				INFOPLIST_KEY_NSLocationWhenInUseUsageDescription = "This app needs your location to report lost pets accurately.";
				INFOPLIST_KEY_UIApplicationSupportsIndirectInputEvents = YES;
				INFOPLIST_KEY_UISupportedInterfaceOrientations_iPad = "UIInterfaceOrientationPortrait UIInterfaceOrientationPortraitUpsideDown UIInterfaceOrientationLandscapeLeft UIInterfaceOrientationLandscapeRight";
				INFOPLIST_KEY_UISupportedInterfaceOrientations_iPhone = "UIInterfaceOrientationPortrait UIInterfaceOrientationLandscapeLeft UIInterfaceOrientationLandscapeRight";
				LD_RUNPATH_SEARCH_PATHS = (
					"$(inherited)",
					"@executable_path/Frameworks",
				);
				MARKETING_VERSION = 1.0;
				PRODUCT_BUNDLE_IDENTIFIER = "org.thelifeofkai.hieu-hoang.PawPal";
				PRODUCT_NAME = "$(TARGET_NAME)";
				SWIFT_EMIT_LOC_STRINGS = YES;
				SWIFT_VERSION = 5.0;
				TARGETED_DEVICE_FAMILY = "1,2";
			};
			name = Release;
		};
/* End XCBuildConfiguration section */

/* Begin XCConfigurationList section */
		9BC1BC192CBAE7E200F1DD8E /* Build configuration list for PBXProject "PawPal" */ = {
			isa = XCConfigurationList;
			buildConfigurations = (
				9BC1BC302CBAE7E300F1DD8E /* Debug */,
				9BC1BC312CBAE7E300F1DD8E /* Release */,
			);
			defaultConfigurationIsVisible = 0;
			defaultConfigurationName = Release;
		};
		9BC1BC322CBAE7E300F1DD8E /* Build configuration list for PBXNativeTarget "PawPal" */ = {
			isa = XCConfigurationList;
			buildConfigurations = (
				9BC1BC332CBAE7E300F1DD8E /* Debug */,
				9BC1BC342CBAE7E300F1DD8E /* Release */,
			);
			defaultConfigurationIsVisible = 0;
			defaultConfigurationName = Release;
		};
/* End XCConfigurationList section */

/* Begin XCRemoteSwiftPackageReference section */
		060CFF1C2CD7997300D7F3A6 /* XCRemoteSwiftPackageReference "firebase-ios-sdk" */ = {
			isa = XCRemoteSwiftPackageReference;
			repositoryURL = "https://github.com/firebase/firebase-ios-sdk.git";
			requirement = {
				kind = upToNextMajorVersion;
				minimumVersion = 11.4.0;
			};
		};
		A221029D2E1E1A6200103E28 /* XCRemoteSwiftPackageReference "GoogleSignIn-iOS" */ = {
			isa = XCRemoteSwiftPackageReference;
			repositoryURL = "https://github.com/google/GoogleSignIn-iOS";
			requirement = {
				kind = upToNextMajorVersion;
				minimumVersion = 9.0.0;
			};
		};
/* End XCRemoteSwiftPackageReference section */

/* Begin XCSwiftPackageProductDependency section */
		A221029E2E1E1A6200103E28 /* GoogleSignIn */ = {
			isa = XCSwiftPackageProductDependency;
			package = A221029D2E1E1A6200103E28 /* XCRemoteSwiftPackageReference "GoogleSignIn-iOS" */;
			productName = GoogleSignIn;
		};
		A22102A02E1E1A6200103E28 /* GoogleSignInSwift */ = {
			isa = XCSwiftPackageProductDependency;
			package = A221029D2E1E1A6200103E28 /* XCRemoteSwiftPackageReference "GoogleSignIn-iOS" */;
			productName = GoogleSignInSwift;
		};
		A22102A22E1E1AC400103E28 /* FirebaseStorage */ = {
			isa = XCSwiftPackageProductDependency;
			productName = FirebaseStorage;
		};
		A27BC4E42E1E158500A03862 /* FirebaseAuth */ = {
			isa = XCSwiftPackageProductDependency;
			productName = FirebaseAuth;
		};
		A27BC4E62E1E158500A03862 /* FirebaseCore */ = {
			isa = XCSwiftPackageProductDependency;
			productName = FirebaseCore;
		};
		A27BC4E82E1E158500A03862 /* FirebaseFirestore */ = {
			isa = XCSwiftPackageProductDependency;
			productName = FirebaseFirestore;
		};
/* End XCSwiftPackageProductDependency section */
	};
	rootObject = 9BC1BC162CBAE7E200F1DD8E /* Project object */;
}
